
Microsoft Visual Studio Solution File, Format Version 12.00
# Visual Studio Version 16
VisualStudioVersion = 16.0.30114.105
MinimumVisualStudioVersion = 10.0.40219.1
Project("{FAE04EC0-301F-11D3-BF4B-00C04F79EFBC}") = "R5T.Solitude.Base", "R5T.Solitude.Base\R5T.Solitude.Base.csproj", "{6C23FC39-9565-4775-A70B-590B959163DA}"
EndProject
Project("{FAE04EC0-301F-11D3-BF4B-00C04F79EFBC}") = "R5T.Solitude.Base.Construction", "R5T.Solitude.Base.Construction\R5T.Solitude.Base.Construction.csproj", "{A40EE5CA-91AA-4950-9282-ACFC94EA9121}"
EndProject
Project("{2150E333-8FDC-42A3-9474-1A3956D46DE8}") = "_Dependencies", "_Dependencies", "{E0B5EE35-2D99-4F80-B6BB-1A716EA623A7}"
EndProject
Project("{FAE04EC0-301F-11D3-BF4B-00C04F79EFBC}") = "R5T.T0064", "..\..\R5T.T0064\source\R5T.T0064\R5T.T0064.csproj", "{583CCAB7-868A-4E3B-911F-2934B6F310EB}"
EndProject
Global
	GlobalSection(SolutionConfigurationPlatforms) = preSolution
		Debug|Any CPU = Debug|Any CPU
		Debug|x64 = Debug|x64
		Debug|x86 = Debug|x86
		Release|Any CPU = Release|Any CPU
		Release|x64 = Release|x64
		Release|x86 = Release|x86
	EndGlobalSection
	GlobalSection(SolutionProperties) = preSolution
		HideSolutionNode = FALSE
	EndGlobalSection
	GlobalSection(ProjectConfigurationPlatforms) = postSolution
		{6C23FC39-9565-4775-A70B-590B959163DA}.Debug|Any CPU.ActiveCfg = Debug|Any CPU
		{6C23FC39-9565-4775-A70B-590B959163DA}.Debug|Any CPU.Build.0 = Debug|Any CPU
		{6C23FC39-9565-4775-A70B-590B959163DA}.Debug|x64.ActiveCfg = Debug|Any CPU
		{6C23FC39-9565-4775-A70B-590B959163DA}.Debug|x64.Build.0 = Debug|Any CPU
		{6C23FC39-9565-4775-A70B-590B959163DA}.Debug|x86.ActiveCfg = Debug|Any CPU
		{6C23FC39-9565-4775-A70B-590B959163DA}.Debug|x86.Build.0 = Debug|Any CPU
		{6C23FC39-9565-4775-A70B-590B959163DA}.Release|Any CPU.ActiveCfg = Release|Any CPU
		{6C23FC39-9565-4775-A70B-590B959163DA}.Release|Any CPU.Build.0 = Release|Any CPU
		{6C23FC39-9565-4775-A70B-590B959163DA}.Release|x64.ActiveCfg = Release|Any CPU
		{6C23FC39-9565-4775-A70B-590B959163DA}.Release|x64.Build.0 = Release|Any CPU
		{6C23FC39-9565-4775-A70B-590B959163DA}.Release|x86.ActiveCfg = Release|Any CPU
		{6C23FC39-9565-4775-A70B-590B959163DA}.Release|x86.Build.0 = Release|Any CPU
		{A40EE5CA-91AA-4950-9282-ACFC94EA9121}.Debug|Any CPU.ActiveCfg = Debug|Any CPU
		{A40EE5CA-91AA-4950-9282-ACFC94EA9121}.Debug|Any CPU.Build.0 = Debug|Any CPU
		{A40EE5CA-91AA-4950-9282-ACFC94EA9121}.Debug|x64.ActiveCfg = Debug|Any CPU
		{A40EE5CA-91AA-4950-9282-ACFC94EA9121}.Debug|x64.Build.0 = Debug|Any CPU
		{A40EE5CA-91AA-4950-9282-ACFC94EA9121}.Debug|x86.ActiveCfg = Debug|Any CPU
		{A40EE5CA-91AA-4950-9282-ACFC94EA9121}.Debug|x86.Build.0 = Debug|Any CPU
		{A40EE5CA-91AA-4950-9282-ACFC94EA9121}.Release|Any CPU.ActiveCfg = Release|Any CPU
		{A40EE5CA-91AA-4950-9282-ACFC94EA9121}.Release|Any CPU.Build.0 = Release|Any CPU
		{A40EE5CA-91AA-4950-9282-ACFC94EA9121}.Release|x64.ActiveCfg = Release|Any CPU
		{A40EE5CA-91AA-4950-9282-ACFC94EA9121}.Release|x64.Build.0 = Release|Any CPU
		{A40EE5CA-91AA-4950-9282-ACFC94EA9121}.Release|x86.ActiveCfg = Release|Any CPU
		{A40EE5CA-91AA-4950-9282-ACFC94EA9121}.Release|x86.Build.0 = Release|Any CPU
		{583CCAB7-868A-4E3B-911F-2934B6F310EB}.Debug|Any CPU.ActiveCfg = Debug|Any CPU
		{583CCAB7-868A-4E3B-911F-2934B6F310EB}.Debug|Any CPU.Build.0 = Debug|Any CPU
		{583CCAB7-868A-4E3B-911F-2934B6F310EB}.Debug|x64.ActiveCfg = Debug|Any CPU
		{583CCAB7-868A-4E3B-911F-2934B6F310EB}.Debug|x64.Build.0 = Debug|Any CPU
		{583CCAB7-868A-4E3B-911F-2934B6F310EB}.Debug|x86.ActiveCfg = Debug|Any CPU
		{583CCAB7-868A-4E3B-911F-2934B6F310EB}.Debug|x86.Build.0 = Debug|Any CPU
		{583CCAB7-868A-4E3B-911F-2934B6F310EB}.Release|Any CPU.ActiveCfg = Release|Any CPU
		{583CCAB7-868A-4E3B-911F-2934B6F310EB}.Release|Any CPU.Build.0 = Release|Any CPU
		{583CCAB7-868A-4E3B-911F-2934B6F310EB}.Release|x64.ActiveCfg = Release|Any CPU
		{583CCAB7-868A-4E3B-911F-2934B6F310EB}.Release|x64.Build.0 = Release|Any CPU
		{583CCAB7-868A-4E3B-911F-2934B6F310EB}.Release|x86.ActiveCfg = Release|Any CPU
		{583CCAB7-868A-4E3B-911F-2934B6F310EB}.Release|x86.Build.0 = Release|Any CPU
	EndGlobalSection
	GlobalSection(NestedProjects) = preSolution
		{583CCAB7-868A-4E3B-911F-2934B6F310EB} = {E0B5EE35-2D99-4F80-B6BB-1A716EA623A7}
	EndGlobalSection
EndGlobal
